// !$*UTF8*$!
{
	archiveVersion = 1;
	classes = {
	};
	objectVersion = 56;
	objects = {

/* Begin PBXBuildFile section */
		090E50B12BD179CB007BD434 /* Assets.xcassets in Resources */ = {isa = PBXBuildFile; fileRef = 090E50B02BD179CB007BD434 /* Assets.xcassets */; };
		0939637D2BD6C28D00239192 /* TransactionCell.swift in Sources */ = {isa = PBXBuildFile; fileRef = 0939637C2BD6C28D00239192 /* TransactionCell.swift */; };
		0969CF612BD44A2A006DAD44 /* CreateTransactionViewController.swift in Sources */ = {isa = PBXBuildFile; fileRef = 0969CF602BD44A2A006DAD44 /* CreateTransactionViewController.swift */; };
		096BE3482BD6FCB00016D6F0 /* SettingsViewController.swift in Sources */ = {isa = PBXBuildFile; fileRef = 096BE3472BD6FCB00016D6F0 /* SettingsViewController.swift */; };
		096BE34E2BD702BA0016D6F0 /* Nuke in Frameworks */ = {isa = PBXBuildFile; productRef = 096BE34D2BD702BA0016D6F0 /* Nuke */; };
		096BE3502BD744170016D6F0 /* OverviewViewController.swift in Sources */ = {isa = PBXBuildFile; fileRef = 096BE34F2BD744170016D6F0 /* OverviewViewController.swift */; };
		098338822BD29C08005974E1 /* TransactionViewController.swift in Sources */ = {isa = PBXBuildFile; fileRef = 098338812BD29C08005974E1 /* TransactionViewController.swift */; };
		09B2F2D72BD5E49E00EE3EE4 /* Transaction.swift in Sources */ = {isa = PBXBuildFile; fileRef = 09B2F2D62BD5E49E00EE3EE4 /* Transaction.swift */; };
		09F25EBF2BD2AB47008C4932 /* NetworkAuthManager.swift in Sources */ = {isa = PBXBuildFile; fileRef = 09F25EBE2BD2AB47008C4932 /* NetworkAuthManager.swift */; };
		09FD40C02BCB6ED90064413B /* AppDelegate.swift in Sources */ = {isa = PBXBuildFile; fileRef = 09FD40BF2BCB6ED90064413B /* AppDelegate.swift */; };
		09FD40C22BCB6ED90064413B /* SceneDelegate.swift in Sources */ = {isa = PBXBuildFile; fileRef = 09FD40C12BCB6ED90064413B /* SceneDelegate.swift */; };
		09FD40C42BCB6ED90064413B /* LoginController.swift in Sources */ = {isa = PBXBuildFile; fileRef = 09FD40C32BCB6ED90064413B /* LoginController.swift */; };
		09FD40C72BCB6ED90064413B /* Base in Resources */ = {isa = PBXBuildFile; fileRef = 09FD40C62BCB6ED90064413B /* Base */; };
		09FD40CC2BCB6EDB0064413B /* Base in Resources */ = {isa = PBXBuildFile; fileRef = 09FD40CB2BCB6EDB0064413B /* Base */; };
		09FD40D42BCB6F180064413B /* brainstorm.md in Resources */ = {isa = PBXBuildFile; fileRef = 09FD40D32BCB6F180064413B /* brainstorm.md */; };
		09FD40D62BCB74050064413B /* README.md in Resources */ = {isa = PBXBuildFile; fileRef = 09FD40D52BCB74050064413B /* README.md */; };
/* End PBXBuildFile section */

/* Begin PBXFileReference section */
		090E50B02BD179CB007BD434 /* Assets.xcassets */ = {isa = PBXFileReference; lastKnownFileType = folder.assetcatalog; path = Assets.xcassets; sourceTree = "<group>"; };
		0939637C2BD6C28D00239192 /* TransactionCell.swift */ = {isa = PBXFileReference; lastKnownFileType = sourcecode.swift; path = TransactionCell.swift; sourceTree = "<group>"; };
		0969CF602BD44A2A006DAD44 /* CreateTransactionViewController.swift */ = {isa = PBXFileReference; lastKnownFileType = sourcecode.swift; path = CreateTransactionViewController.swift; sourceTree = "<group>"; };
		096BE3472BD6FCB00016D6F0 /* SettingsViewController.swift */ = {isa = PBXFileReference; lastKnownFileType = sourcecode.swift; path = SettingsViewController.swift; sourceTree = "<group>"; };
		096BE34F2BD744170016D6F0 /* OverviewViewController.swift */ = {isa = PBXFileReference; lastKnownFileType = sourcecode.swift; path = OverviewViewController.swift; sourceTree = "<group>"; };
		098338812BD29C08005974E1 /* TransactionViewController.swift */ = {isa = PBXFileReference; lastKnownFileType = sourcecode.swift; path = TransactionViewController.swift; sourceTree = "<group>"; };
		09B2F2D62BD5E49E00EE3EE4 /* Transaction.swift */ = {isa = PBXFileReference; lastKnownFileType = sourcecode.swift; path = Transaction.swift; sourceTree = "<group>"; };
		09F25EBE2BD2AB47008C4932 /* NetworkAuthManager.swift */ = {isa = PBXFileReference; lastKnownFileType = sourcecode.swift; path = NetworkAuthManager.swift; sourceTree = "<group>"; };
		09FD40BC2BCB6ED90064413B /* FinFlow.app */ = {isa = PBXFileReference; explicitFileType = wrapper.application; includeInIndex = 0; path = FinFlow.app; sourceTree = BUILT_PRODUCTS_DIR; };
		09FD40BF2BCB6ED90064413B /* AppDelegate.swift */ = {isa = PBXFileReference; lastKnownFileType = sourcecode.swift; path = AppDelegate.swift; sourceTree = "<group>"; };
		09FD40C12BCB6ED90064413B /* SceneDelegate.swift */ = {isa = PBXFileReference; lastKnownFileType = sourcecode.swift; path = SceneDelegate.swift; sourceTree = "<group>"; };
		09FD40C32BCB6ED90064413B /* LoginController.swift */ = {isa = PBXFileReference; lastKnownFileType = sourcecode.swift; path = LoginController.swift; sourceTree = "<group>"; };
		09FD40C62BCB6ED90064413B /* Base */ = {isa = PBXFileReference; lastKnownFileType = file.storyboard; name = Base; path = Base.lproj/Main.storyboard; sourceTree = "<group>"; };
		09FD40CB2BCB6EDB0064413B /* Base */ = {isa = PBXFileReference; lastKnownFileType = file.storyboard; name = Base; path = Base.lproj/LaunchScreen.storyboard; sourceTree = "<group>"; };
		09FD40CD2BCB6EDB0064413B /* Info.plist */ = {isa = PBXFileReference; lastKnownFileType = text.plist.xml; path = Info.plist; sourceTree = "<group>"; };
		09FD40D32BCB6F180064413B /* brainstorm.md */ = {isa = PBXFileReference; fileEncoding = 4; lastKnownFileType = net.daringfireball.markdown; path = brainstorm.md; sourceTree = "<group>"; };
		09FD40D52BCB74050064413B /* README.md */ = {isa = PBXFileReference; fileEncoding = 4; lastKnownFileType = net.daringfireball.markdown; path = README.md; sourceTree = "<group>"; };
/* End PBXFileReference section */

/* Begin PBXFrameworksBuildPhase section */
		09FD40B92BCB6ED90064413B /* Frameworks */ = {
			isa = PBXFrameworksBuildPhase;
			buildActionMask = 2147483647;
			files = (
				096BE34E2BD702BA0016D6F0 /* Nuke in Frameworks */,
			);
			runOnlyForDeploymentPostprocessing = 0;
		};
/* End PBXFrameworksBuildPhase section */

/* Begin PBXGroup section */
		09FD40B32BCB6ED90064413B = {
			isa = PBXGroup;
			children = (
				09FD40D52BCB74050064413B /* README.md */,
				09FD40D32BCB6F180064413B /* brainstorm.md */,
				09FD40BE2BCB6ED90064413B /* FinFlow */,
				09FD40BD2BCB6ED90064413B /* Products */,
			);
			sourceTree = "<group>";
		};
		09FD40BD2BCB6ED90064413B /* Products */ = {
			isa = PBXGroup;
			children = (
				09FD40BC2BCB6ED90064413B /* FinFlow.app */,
			);
			name = Products;
			sourceTree = "<group>";
		};
		09FD40BE2BCB6ED90064413B /* FinFlow */ = {
			isa = PBXGroup;
			children = (
				090E50B02BD179CB007BD434 /* Assets.xcassets */,
				09FD40BF2BCB6ED90064413B /* AppDelegate.swift */,
				09F25EBE2BD2AB47008C4932 /* NetworkAuthManager.swift */,
				0969CF602BD44A2A006DAD44 /* CreateTransactionViewController.swift */,
				098338812BD29C08005974E1 /* TransactionViewController.swift */,
				09FD40C12BCB6ED90064413B /* SceneDelegate.swift */,
				09B2F2D62BD5E49E00EE3EE4 /* Transaction.swift */,
				096BE3472BD6FCB00016D6F0 /* SettingsViewController.swift */,
				09FD40C32BCB6ED90064413B /* LoginController.swift */,
				09FD40C52BCB6ED90064413B /* Main.storyboard */,
				09FD40CA2BCB6EDB0064413B /* LaunchScreen.storyboard */,
				0939637C2BD6C28D00239192 /* TransactionCell.swift */,
				09FD40CD2BCB6EDB0064413B /* Info.plist */,
				096BE34F2BD744170016D6F0 /* OverviewViewController.swift */,
			);
			path = FinFlow;
			sourceTree = "<group>";
		};
/* End PBXGroup section */

/* Begin PBXNativeTarget section */
		09FD40BB2BCB6ED90064413B /* FinFlow */ = {
			isa = PBXNativeTarget;
			buildConfigurationList = 09FD40D02BCB6EDB0064413B /* Build configuration list for PBXNativeTarget "FinFlow" */;
			buildPhases = (
				09FD40B82BCB6ED90064413B /* Sources */,
				09FD40B92BCB6ED90064413B /* Frameworks */,
				09FD40BA2BCB6ED90064413B /* Resources */,
			);
			buildRules = (
			);
			dependencies = (
			);
			name = FinFlow;
			packageProductDependencies = (
				096BE34D2BD702BA0016D6F0 /* Nuke */,
			);
			productName = FinFlow;
			productReference = 09FD40BC2BCB6ED90064413B /* FinFlow.app */;
			productType = "com.apple.product-type.application";
		};
/* End PBXNativeTarget section */

/* Begin PBXProject section */
		09FD40B42BCB6ED90064413B /* Project object */ = {
			isa = PBXProject;
			attributes = {
				BuildIndependentTargetsInParallel = 1;
				LastSwiftUpdateCheck = 1530;
				LastUpgradeCheck = 1530;
				TargetAttributes = {
					09FD40BB2BCB6ED90064413B = {
						CreatedOnToolsVersion = 15.3;
					};
				};
			};
			buildConfigurationList = 09FD40B72BCB6ED90064413B /* Build configuration list for PBXProject "FinFlow" */;
			compatibilityVersion = "Xcode 14.0";
			developmentRegion = en;
			hasScannedForEncodings = 0;
			knownRegions = (
				en,
				Base,
			);
			mainGroup = 09FD40B32BCB6ED90064413B;
			packageReferences = (
				096BE34C2BD702BA0016D6F0 /* XCRemoteSwiftPackageReference "Nuke" */,
			);
			productRefGroup = 09FD40BD2BCB6ED90064413B /* Products */;
			projectDirPath = "";
			projectRoot = "";
			targets = (
				09FD40BB2BCB6ED90064413B /* FinFlow */,
			);
		};
/* End PBXProject section */

/* Begin PBXResourcesBuildPhase section */
		09FD40BA2BCB6ED90064413B /* Resources */ = {
			isa = PBXResourcesBuildPhase;
			buildActionMask = 2147483647;
			files = (
				09FD40D42BCB6F180064413B /* brainstorm.md in Resources */,
				09FD40D62BCB74050064413B /* README.md in Resources */,
				09FD40CC2BCB6EDB0064413B /* Base in Resources */,
				09FD40C72BCB6ED90064413B /* Base in Resources */,
				090E50B12BD179CB007BD434 /* Assets.xcassets in Resources */,
			);
			runOnlyForDeploymentPostprocessing = 0;
		};
/* End PBXResourcesBuildPhase section */

/* Begin PBXSourcesBuildPhase section */
		09FD40B82BCB6ED90064413B /* Sources */ = {
			isa = PBXSourcesBuildPhase;
			buildActionMask = 2147483647;
			files = (
				09B2F2D72BD5E49E00EE3EE4 /* Transaction.swift in Sources */,
				09F25EBF2BD2AB47008C4932 /* NetworkAuthManager.swift in Sources */,
				0969CF612BD44A2A006DAD44 /* CreateTransactionViewController.swift in Sources */,
				096BE3482BD6FCB00016D6F0 /* SettingsViewController.swift in Sources */,
				098338822BD29C08005974E1 /* TransactionViewController.swift in Sources */,
				0939637D2BD6C28D00239192 /* TransactionCell.swift in Sources */,
				09FD40C42BCB6ED90064413B /* LoginController.swift in Sources */,
				096BE3502BD744170016D6F0 /* OverviewViewController.swift in Sources */,
				09FD40C02BCB6ED90064413B /* AppDelegate.swift in Sources */,
				09FD40C22BCB6ED90064413B /* SceneDelegate.swift in Sources */,
			);
			runOnlyForDeploymentPostprocessing = 0;
		};
/* End PBXSourcesBuildPhase section */

/* Begin PBXVariantGroup section */
		09FD40C52BCB6ED90064413B /* Main.storyboard */ = {
			isa = PBXVariantGroup;
			children = (
				09FD40C62BCB6ED90064413B /* Base */,
			);
			name = Main.storyboard;
			sourceTree = "<group>";
		};
		09FD40CA2BCB6EDB0064413B /* LaunchScreen.storyboard */ = {
			isa = PBXVariantGroup;
			children = (
				09FD40CB2BCB6EDB0064413B /* Base */,
			);
			name = LaunchScreen.storyboard;
			sourceTree = "<group>";
		};
/* End PBXVariantGroup section */

/* Begin XCBuildConfiguration section */
		09FD40CE2BCB6EDB0064413B /* Debug */ = {
			isa = XCBuildConfiguration;
			buildSettings = {
				ALWAYS_SEARCH_USER_PATHS = NO;
				ASSETCATALOG_COMPILER_GENERATE_SWIFT_ASSET_SYMBOL_EXTENSIONS = YES;
				CLANG_ANALYZER_NONNULL = YES;
				CLANG_ANALYZER_NUMBER_OBJECT_CONVERSION = YES_AGGRESSIVE;
				CLANG_CXX_LANGUAGE_STANDARD = "gnu++20";
				CLANG_ENABLE_MODULES = YES;
				CLANG_ENABLE_OBJC_ARC = YES;
				CLANG_ENABLE_OBJC_WEAK = YES;
				CLANG_WARN_BLOCK_CAPTURE_AUTORELEASING = YES;
				CLANG_WARN_BOOL_CONVERSION = YES;
				CLANG_WARN_COMMA = YES;
				CLANG_WARN_CONSTANT_CONVERSION = YES;
				CLANG_WARN_DEPRECATED_OBJC_IMPLEMENTATIONS = YES;
				CLANG_WARN_DIRECT_OBJC_ISA_USAGE = YES_ERROR;
				CLANG_WARN_DOCUMENTATION_COMMENTS = YES;
				CLANG_WARN_EMPTY_BODY = YES;
				CLANG_WARN_ENUM_CONVERSION = YES;
				CLANG_WARN_INFINITE_RECURSION = YES;
				CLANG_WARN_INT_CONVERSION = YES;
				CLANG_WARN_NON_LITERAL_NULL_CONVERSION = YES;
				CLANG_WARN_OBJC_IMPLICIT_RETAIN_SELF = YES;
				CLANG_WARN_OBJC_LITERAL_CONVERSION = YES;
				CLANG_WARN_OBJC_ROOT_CLASS = YES_ERROR;
				CLANG_WARN_QUOTED_INCLUDE_IN_FRAMEWORK_HEADER = YES;
				CLANG_WARN_RANGE_LOOP_ANALYSIS = YES;
				CLANG_WARN_STRICT_PROTOTYPES = YES;
				CLANG_WARN_SUSPICIOUS_MOVE = YES;
				CLANG_WARN_UNGUARDED_AVAILABILITY = YES_AGGRESSIVE;
				CLANG_WARN_UNREACHABLE_CODE = YES;
				CLANG_WARN__DUPLICATE_METHOD_MATCH = YES;
				COPY_PHASE_STRIP = NO;
				DEBUG_INFORMATION_FORMAT = dwarf;
				ENABLE_STRICT_OBJC_MSGSEND = YES;
				ENABLE_TESTABILITY = YES;
				ENABLE_USER_SCRIPT_SANDBOXING = YES;
				GCC_C_LANGUAGE_STANDARD = gnu17;
				GCC_DYNAMIC_NO_PIC = NO;
				GCC_NO_COMMON_BLOCKS = YES;
				GCC_OPTIMIZATION_LEVEL = 0;
				GCC_PREPROCESSOR_DEFINITIONS = (
					"DEBUG=1",
					"$(inherited)",
				);
				GCC_WARN_64_TO_32_BIT_CONVERSION = YES;
				GCC_WARN_ABOUT_RETURN_TYPE = YES_ERROR;
				GCC_WARN_UNDECLARED_SELECTOR = YES;
				GCC_WARN_UNINITIALIZED_AUTOS = YES_AGGRESSIVE;
				GCC_WARN_UNUSED_FUNCTION = YES;
				GCC_WARN_UNUSED_VARIABLE = YES;
				IPHONEOS_DEPLOYMENT_TARGET = 17.4;
				LOCALIZATION_PREFERS_STRING_CATALOGS = YES;
				MTL_ENABLE_DEBUG_INFO = INCLUDE_SOURCE;
				MTL_FAST_MATH = YES;
				ONLY_ACTIVE_ARCH = YES;
				SDKROOT = iphoneos;
				SWIFT_ACTIVE_COMPILATION_CONDITIONS = "DEBUG $(inherited)";
				SWIFT_OPTIMIZATION_LEVEL = "-Onone";
			};
			name = Debug;
		};
		09FD40CF2BCB6EDB0064413B /* Release */ = {
			isa = XCBuildConfiguration;
			buildSettings = {
				ALWAYS_SEARCH_USER_PATHS = NO;
				ASSETCATALOG_COMPILER_GENERATE_SWIFT_ASSET_SYMBOL_EXTENSIONS = YES;
				CLANG_ANALYZER_NONNULL = YES;
				CLANG_ANALYZER_NUMBER_OBJECT_CONVERSION = YES_AGGRESSIVE;
				CLANG_CXX_LANGUAGE_STANDARD = "gnu++20";
				CLANG_ENABLE_MODULES = YES;
				CLANG_ENABLE_OBJC_ARC = YES;
				CLANG_ENABLE_OBJC_WEAK = YES;
				CLANG_WARN_BLOCK_CAPTURE_AUTORELEASING = YES;
				CLANG_WARN_BOOL_CONVERSION = YES;
				CLANG_WARN_COMMA = YES;
				CLANG_WARN_CONSTANT_CONVERSION = YES;
				CLANG_WARN_DEPRECATED_OBJC_IMPLEMENTATIONS = YES;
				CLANG_WARN_DIRECT_OBJC_ISA_USAGE = YES_ERROR;
				CLANG_WARN_DOCUMENTATION_COMMENTS = YES;
				CLANG_WARN_EMPTY_BODY = YES;
				CLANG_WARN_ENUM_CONVERSION = YES;
				CLANG_WARN_INFINITE_RECURSION = YES;
				CLANG_WARN_INT_CONVERSION = YES;
				CLANG_WARN_NON_LITERAL_NULL_CONVERSION = YES;
				CLANG_WARN_OBJC_IMPLICIT_RETAIN_SELF = YES;
				CLANG_WARN_OBJC_LITERAL_CONVERSION = YES;
				CLANG_WARN_OBJC_ROOT_CLASS = YES_ERROR;
				CLANG_WARN_QUOTED_INCLUDE_IN_FRAMEWORK_HEADER = YES;
				CLANG_WARN_RANGE_LOOP_ANALYSIS = YES;
				CLANG_WARN_STRICT_PROTOTYPES = YES;
				CLANG_WARN_SUSPICIOUS_MOVE = YES;
				CLANG_WARN_UNGUARDED_AVAILABILITY = YES_AGGRESSIVE;
				CLANG_WARN_UNREACHABLE_CODE = YES;
				CLANG_WARN__DUPLICATE_METHOD_MATCH = YES;
				COPY_PHASE_STRIP = NO;
				DEBUG_INFORMATION_FORMAT = "dwarf-with-dsym";
				ENABLE_NS_ASSERTIONS = NO;
				ENABLE_STRICT_OBJC_MSGSEND = YES;
				ENABLE_USER_SCRIPT_SANDBOXING = YES;
				GCC_C_LANGUAGE_STANDARD = gnu17;
				GCC_NO_COMMON_BLOCKS = YES;
				GCC_WARN_64_TO_32_BIT_CONVERSION = YES;
				GCC_WARN_ABOUT_RETURN_TYPE = YES_ERROR;
				GCC_WARN_UNDECLARED_SELECTOR = YES;
				GCC_WARN_UNINITIALIZED_AUTOS = YES_AGGRESSIVE;
				GCC_WARN_UNUSED_FUNCTION = YES;
				GCC_WARN_UNUSED_VARIABLE = YES;
				IPHONEOS_DEPLOYMENT_TARGET = 17.4;
				LOCALIZATION_PREFERS_STRING_CATALOGS = YES;
				MTL_ENABLE_DEBUG_INFO = NO;
				MTL_FAST_MATH = YES;
				SDKROOT = iphoneos;
				SWIFT_COMPILATION_MODE = wholemodule;
				VALIDATE_PRODUCT = YES;
			};
			name = Release;
		};
		09FD40D12BCB6EDB0064413B /* Debug */ = {
			isa = XCBuildConfiguration;
			buildSettings = {
				ASSETCATALOG_COMPILER_APPICON_NAME = AppIcon;
				ASSETCATALOG_COMPILER_GLOBAL_ACCENT_COLOR_NAME = AccentColor;
				CODE_SIGN_STYLE = Automatic;
				CURRENT_PROJECT_VERSION = 1;
				DEVELOPMENT_TEAM = 74QWZY2CV5;
				GENERATE_INFOPLIST_FILE = YES;
				INFOPLIST_FILE = FinFlow/Info.plist;
				INFOPLIST_KEY_UIApplicationSupportsIndirectInputEvents = YES;
				INFOPLIST_KEY_UILaunchStoryboardName = LaunchScreen;
				INFOPLIST_KEY_UIMainStoryboardFile = Main;
				INFOPLIST_KEY_UISupportedInterfaceOrientations_iPad = "UIInterfaceOrientationPortrait UIInterfaceOrientationPortraitUpsideDown UIInterfaceOrientationLandscapeLeft UIInterfaceOrientationLandscapeRight";
				INFOPLIST_KEY_UISupportedInterfaceOrientations_iPhone = "UIInterfaceOrientationPortrait UIInterfaceOrientationLandscapeLeft UIInterfaceOrientationLandscapeRight";
				LD_RUNPATH_SEARCH_PATHS = (
					"$(inherited)",
					"@executable_path/Frameworks",
				);
				MARKETING_VERSION = 1.0;
				PRODUCT_BUNDLE_IDENTIFIER = com.birongliu.FinFlow;
				PRODUCT_NAME = "$(TARGET_NAME)";
				SWIFT_EMIT_LOC_STRINGS = YES;
				SWIFT_VERSION = 5.0;
				TARGETED_DEVICE_FAMILY = "1,2";
			};
			name = Debug;
		};
		09FD40D22BCB6EDB0064413B /* Release */ = {
			isa = XCBuildConfiguration;
			buildSettings = {
				ASSETCATALOG_COMPILER_APPICON_NAME = AppIcon;
				ASSETCATALOG_COMPILER_GLOBAL_ACCENT_COLOR_NAME = AccentColor;
				CODE_SIGN_STYLE = Automatic;
				CURRENT_PROJECT_VERSION = 1;
				DEVELOPMENT_TEAM = 74QWZY2CV5;
				GENERATE_INFOPLIST_FILE = YES;
				INFOPLIST_FILE = FinFlow/Info.plist;
				INFOPLIST_KEY_UIApplicationSupportsIndirectInputEvents = YES;
				INFOPLIST_KEY_UILaunchStoryboardName = LaunchScreen;
				INFOPLIST_KEY_UIMainStoryboardFile = Main;
				INFOPLIST_KEY_UISupportedInterfaceOrientations_iPad = "UIInterfaceOrientationPortrait UIInterfaceOrientationPortraitUpsideDown UIInterfaceOrientationLandscapeLeft UIInterfaceOrientationLandscapeRight";
				INFOPLIST_KEY_UISupportedInterfaceOrientations_iPhone = "UIInterfaceOrientationPortrait UIInterfaceOrientationLandscapeLeft UIInterfaceOrientationLandscapeRight";
				LD_RUNPATH_SEARCH_PATHS = (
					"$(inherited)",
					"@executable_path/Frameworks",
				);
				MARKETING_VERSION = 1.0;
				PRODUCT_BUNDLE_IDENTIFIER = com.birongliu.FinFlow;
				PRODUCT_NAME = "$(TARGET_NAME)";
				SWIFT_EMIT_LOC_STRINGS = YES;
				SWIFT_VERSION = 5.0;
				TARGETED_DEVICE_FAMILY = "1,2";
			};
			name = Release;
		};
/* End XCBuildConfiguration section */

/* Begin XCConfigurationList section */
		09FD40B72BCB6ED90064413B /* Build configuration list for PBXProject "FinFlow" */ = {
			isa = XCConfigurationList;
			buildConfigurations = (
				09FD40CE2BCB6EDB0064413B /* Debug */,
				09FD40CF2BCB6EDB0064413B /* Release */,
			);
			defaultConfigurationIsVisible = 0;
			defaultConfigurationName = Release;
		};
		09FD40D02BCB6EDB0064413B /* Build configuration list for PBXNativeTarget "FinFlow" */ = {
			isa = XCConfigurationList;
			buildConfigurations = (
				09FD40D12BCB6EDB0064413B /* Debug */,
				09FD40D22BCB6EDB0064413B /* Release */,
			);
			defaultConfigurationIsVisible = 0;
			defaultConfigurationName = Release;
		};
/* End XCConfigurationList section */

/* Begin XCRemoteSwiftPackageReference section */
		096BE34C2BD702BA0016D6F0 /* XCRemoteSwiftPackageReference "Nuke" */ = {
			isa = XCRemoteSwiftPackageReference;
			repositoryURL = "https://github.com/kean/Nuke";
			requirement = {
				kind = upToNextMajorVersion;
				minimumVersion = 9.0.0;
			};
		};
/* End XCRemoteSwiftPackageReference section */

/* Begin XCSwiftPackageProductDependency section */
		096BE34D2BD702BA0016D6F0 /* Nuke */ = {
			isa = XCSwiftPackageProductDependency;
			package = 096BE34C2BD702BA0016D6F0 /* XCRemoteSwiftPackageReference "Nuke" */;
			productName = Nuke;
		};
/* End XCSwiftPackageProductDependency section */
	};
	rootObject = 09FD40B42BCB6ED90064413B /* Project object */;
}
